// !$*UTF8*$!
{
	archiveVersion = 1;
	classes = {
	};
	objectVersion = 55;
	objects = {

/* Begin PBXBuildFile section */
		282336F58447528829DEB4CE /* Pods_MusicPlayer.framework in Frameworks */ = {isa = PBXBuildFile; fileRef = 4FED1B3DE0B06B9BA375D720 /* Pods_MusicPlayer.framework */; };
		6B4542792976DECE005184E8 /* SwinjectStoryboard+Extension.swift in Sources */ = {isa = PBXBuildFile; fileRef = 6B4542782976DECE005184E8 /* SwinjectStoryboard+Extension.swift */; };
		6B45427B2976EEAE005184E8 /* CustomPlayerView.swift in Sources */ = {isa = PBXBuildFile; fileRef = 6B45427A2976EEAE005184E8 /* CustomPlayerView.swift */; };
		6B45427E2976F168005184E8 /* ViewFactory.swift in Sources */ = {isa = PBXBuildFile; fileRef = 6B45427D2976F168005184E8 /* ViewFactory.swift */; };
		6B45428029770ABF005184E8 /* SongInfoStackView.swift in Sources */ = {isa = PBXBuildFile; fileRef = 6B45427F29770ABF005184E8 /* SongInfoStackView.swift */; };
		6B45428229770FC2005184E8 /* ControlButtonsView.swift in Sources */ = {isa = PBXBuildFile; fileRef = 6B45428129770FC2005184E8 /* ControlButtonsView.swift */; };
		6B545DEA2963397A00F57D82 /* ArtistViewController.swift in Sources */ = {isa = PBXBuildFile; fileRef = 6B545DE92963397A00F57D82 /* ArtistViewController.swift */; };
		6B545DEC2963399100F57D82 /* PlaylistViewController.swift in Sources */ = {isa = PBXBuildFile; fileRef = 6B545DEB2963399100F57D82 /* PlaylistViewController.swift */; };
		6B545DEE296339A200F57D82 /* AllSongsViewController.swift in Sources */ = {isa = PBXBuildFile; fileRef = 6B545DED296339A200F57D82 /* AllSongsViewController.swift */; };
		6B545DF129633B9900F57D82 /* SongCellItem.swift in Sources */ = {isa = PBXBuildFile; fileRef = 6B545DEF29633B9900F57D82 /* SongCellItem.swift */; };
		6B545DF229633B9900F57D82 /* SongCellItem.xib in Resources */ = {isa = PBXBuildFile; fileRef = 6B545DF029633B9900F57D82 /* SongCellItem.xib */; };
		6B545DF5296342C200F57D82 /* AllSongCellDelegate.swift in Sources */ = {isa = PBXBuildFile; fileRef = 6B545DF4296342C200F57D82 /* AllSongCellDelegate.swift */; };
		6B545DF829634BB300F57D82 /* UIApplicationExtension.swift in Sources */ = {isa = PBXBuildFile; fileRef = 6B545DF729634BB300F57D82 /* UIApplicationExtension.swift */; };
		6B6F56272961EB74002B1038 /* AppDelegate.swift in Sources */ = {isa = PBXBuildFile; fileRef = 6B6F56262961EB74002B1038 /* AppDelegate.swift */; };
		6B6F56292961EB74002B1038 /* SceneDelegate.swift in Sources */ = {isa = PBXBuildFile; fileRef = 6B6F56282961EB74002B1038 /* SceneDelegate.swift */; };
		6B6F562B2961EB74002B1038 /* ViewController.swift in Sources */ = {isa = PBXBuildFile; fileRef = 6B6F562A2961EB74002B1038 /* ViewController.swift */; };
		6B6F562E2961EB74002B1038 /* Main.storyboard in Resources */ = {isa = PBXBuildFile; fileRef = 6B6F562C2961EB74002B1038 /* Main.storyboard */; };
		6B6F56302961EB75002B1038 /* Assets.xcassets in Resources */ = {isa = PBXBuildFile; fileRef = 6B6F562F2961EB75002B1038 /* Assets.xcassets */; };
		6B6F56332961EB75002B1038 /* LaunchScreen.storyboard in Resources */ = {isa = PBXBuildFile; fileRef = 6B6F56312961EB75002B1038 /* LaunchScreen.storyboard */; };
		6B7C5BCC29746E6D00A803FA /* AllSongViewModel.swift in Sources */ = {isa = PBXBuildFile; fileRef = 6B7C5BCB29746E6D00A803FA /* AllSongViewModel.swift */; };
		6B7C5BCE2974710100A803FA /* Song.swift in Sources */ = {isa = PBXBuildFile; fileRef = 6B7C5BCD2974710100A803FA /* Song.swift */; };
		6B8EEA0E297D1D26001D20A9 /* ViewUtils.swift in Sources */ = {isa = PBXBuildFile; fileRef = 6B8EEA0D297D1D26001D20A9 /* ViewUtils.swift */; };
		6B9A348829785A620083ABC0 /* MediaPlayerService.swift in Sources */ = {isa = PBXBuildFile; fileRef = 6B9A348729785A620083ABC0 /* MediaPlayerService.swift */; };
		6BA2E381298ABA9900CEC1DF /* CustomMainPlayerView.swift in Sources */ = {isa = PBXBuildFile; fileRef = 6BA2E380298ABA9900CEC1DF /* CustomMainPlayerView.swift */; };
		6BA6A39B2988207800DA5364 /* MainPlayerViewController.swift in Sources */ = {isa = PBXBuildFile; fileRef = 6BA6A39A2988207800DA5364 /* MainPlayerViewController.swift */; };
		6BAE5260297953FF002A7578 /* Constants.swift in Sources */ = {isa = PBXBuildFile; fileRef = 6BAE525F297953FF002A7578 /* Constants.swift */; };
		6BAE526229795546002A7578 /* SongReuseableCellUtil.swift in Sources */ = {isa = PBXBuildFile; fileRef = 6BAE526129795546002A7578 /* SongReuseableCellUtil.swift */; };
		6BC257E6298CA6FA00D4DFDD /* One Kiss - Calvin Harris_ Dua Lipa (mp3cut.net).mp3 in Resources */ = {isa = PBXBuildFile; fileRef = 6BC257E5298CA6FA00D4DFDD /* One Kiss - Calvin Harris_ Dua Lipa (mp3cut.net).mp3 */; };
		6BC2D9CF2984FE440053C425 /* ASPopUpViewController.swift in Sources */ = {isa = PBXBuildFile; fileRef = 6BC2D9CE2984FE440053C425 /* ASPopUpViewController.swift */; };
		6BC70927298C1DF200C8A653 /* ControlButtonsAction.swift in Sources */ = {isa = PBXBuildFile; fileRef = 6BC70926298C1DF200C8A653 /* ControlButtonsAction.swift */; };
/* End PBXBuildFile section */

/* Begin PBXFileReference section */
		4FED1B3DE0B06B9BA375D720 /* Pods_MusicPlayer.framework */ = {isa = PBXFileReference; explicitFileType = wrapper.framework; includeInIndex = 0; path = Pods_MusicPlayer.framework; sourceTree = BUILT_PRODUCTS_DIR; };
		5FD2B05497844085813E256A /* Pods-MusicPlayer.release.xcconfig */ = {isa = PBXFileReference; includeInIndex = 1; lastKnownFileType = text.xcconfig; name = "Pods-MusicPlayer.release.xcconfig"; path = "Target Support Files/Pods-MusicPlayer/Pods-MusicPlayer.release.xcconfig"; sourceTree = "<group>"; };
		6B4542782976DECE005184E8 /* SwinjectStoryboard+Extension.swift */ = {isa = PBXFileReference; lastKnownFileType = sourcecode.swift; path = "SwinjectStoryboard+Extension.swift"; sourceTree = "<group>"; };
		6B45427A2976EEAE005184E8 /* CustomPlayerView.swift */ = {isa = PBXFileReference; lastKnownFileType = sourcecode.swift; path = CustomPlayerView.swift; sourceTree = "<group>"; };
		6B45427D2976F168005184E8 /* ViewFactory.swift */ = {isa = PBXFileReference; lastKnownFileType = sourcecode.swift; path = ViewFactory.swift; sourceTree = "<group>"; };
		6B45427F29770ABF005184E8 /* SongInfoStackView.swift */ = {isa = PBXFileReference; lastKnownFileType = sourcecode.swift; path = SongInfoStackView.swift; sourceTree = "<group>"; };
		6B45428129770FC2005184E8 /* ControlButtonsView.swift */ = {isa = PBXFileReference; lastKnownFileType = sourcecode.swift; path = ControlButtonsView.swift; sourceTree = "<group>"; };
		6B545DE92963397A00F57D82 /* ArtistViewController.swift */ = {isa = PBXFileReference; lastKnownFileType = sourcecode.swift; path = ArtistViewController.swift; sourceTree = "<group>"; };
		6B545DEB2963399100F57D82 /* PlaylistViewController.swift */ = {isa = PBXFileReference; lastKnownFileType = sourcecode.swift; path = PlaylistViewController.swift; sourceTree = "<group>"; };
		6B545DED296339A200F57D82 /* AllSongsViewController.swift */ = {isa = PBXFileReference; lastKnownFileType = sourcecode.swift; path = AllSongsViewController.swift; sourceTree = "<group>"; };
		6B545DEF29633B9900F57D82 /* SongCellItem.swift */ = {isa = PBXFileReference; lastKnownFileType = sourcecode.swift; path = SongCellItem.swift; sourceTree = "<group>"; };
		6B545DF029633B9900F57D82 /* SongCellItem.xib */ = {isa = PBXFileReference; lastKnownFileType = file.xib; path = SongCellItem.xib; sourceTree = "<group>"; };
		6B545DF4296342C200F57D82 /* AllSongCellDelegate.swift */ = {isa = PBXFileReference; lastKnownFileType = sourcecode.swift; path = AllSongCellDelegate.swift; sourceTree = "<group>"; };
		6B545DF729634BB300F57D82 /* UIApplicationExtension.swift */ = {isa = PBXFileReference; lastKnownFileType = sourcecode.swift; path = UIApplicationExtension.swift; sourceTree = "<group>"; };
		6B6F56232961EB74002B1038 /* MusicPlayer.app */ = {isa = PBXFileReference; explicitFileType = wrapper.application; includeInIndex = 0; path = MusicPlayer.app; sourceTree = BUILT_PRODUCTS_DIR; };
		6B6F56262961EB74002B1038 /* AppDelegate.swift */ = {isa = PBXFileReference; lastKnownFileType = sourcecode.swift; path = AppDelegate.swift; sourceTree = "<group>"; };
		6B6F56282961EB74002B1038 /* SceneDelegate.swift */ = {isa = PBXFileReference; lastKnownFileType = sourcecode.swift; path = SceneDelegate.swift; sourceTree = "<group>"; };
		6B6F562A2961EB74002B1038 /* ViewController.swift */ = {isa = PBXFileReference; lastKnownFileType = sourcecode.swift; path = ViewController.swift; sourceTree = "<group>"; };
		6B6F562D2961EB74002B1038 /* Base */ = {isa = PBXFileReference; lastKnownFileType = file.storyboard; name = Base; path = Base.lproj/Main.storyboard; sourceTree = "<group>"; };
		6B6F562F2961EB75002B1038 /* Assets.xcassets */ = {isa = PBXFileReference; lastKnownFileType = folder.assetcatalog; path = Assets.xcassets; sourceTree = "<group>"; };
		6B6F56322961EB75002B1038 /* Base */ = {isa = PBXFileReference; lastKnownFileType = file.storyboard; name = Base; path = Base.lproj/LaunchScreen.storyboard; sourceTree = "<group>"; };
		6B6F56342961EB75002B1038 /* Info.plist */ = {isa = PBXFileReference; lastKnownFileType = text.plist.xml; path = Info.plist; sourceTree = "<group>"; };
		6B7C5BCB29746E6D00A803FA /* AllSongViewModel.swift */ = {isa = PBXFileReference; lastKnownFileType = sourcecode.swift; path = AllSongViewModel.swift; sourceTree = "<group>"; };
		6B7C5BCD2974710100A803FA /* Song.swift */ = {isa = PBXFileReference; lastKnownFileType = sourcecode.swift; path = Song.swift; sourceTree = "<group>"; };
		6B8EEA0D297D1D26001D20A9 /* ViewUtils.swift */ = {isa = PBXFileReference; lastKnownFileType = sourcecode.swift; path = ViewUtils.swift; sourceTree = "<group>"; };
		6B9A348729785A620083ABC0 /* MediaPlayerService.swift */ = {isa = PBXFileReference; lastKnownFileType = sourcecode.swift; path = MediaPlayerService.swift; sourceTree = "<group>"; };
		6BA2E380298ABA9900CEC1DF /* CustomMainPlayerView.swift */ = {isa = PBXFileReference; lastKnownFileType = sourcecode.swift; path = CustomMainPlayerView.swift; sourceTree = "<group>"; };
		6BA2E382298AD25300CEC1DF /* FLEX.framework */ = {isa = PBXFileReference; explicitFileType = wrapper.framework; path = FLEX.framework; sourceTree = BUILT_PRODUCTS_DIR; };
		6BA6A39A2988207800DA5364 /* MainPlayerViewController.swift */ = {isa = PBXFileReference; lastKnownFileType = sourcecode.swift; path = MainPlayerViewController.swift; sourceTree = "<group>"; };
		6BAE525F297953FF002A7578 /* Constants.swift */ = {isa = PBXFileReference; lastKnownFileType = sourcecode.swift; path = Constants.swift; sourceTree = "<group>"; };
		6BAE526129795546002A7578 /* SongReuseableCellUtil.swift */ = {isa = PBXFileReference; lastKnownFileType = sourcecode.swift; path = SongReuseableCellUtil.swift; sourceTree = "<group>"; };
		6BC257E5298CA6FA00D4DFDD /* One Kiss - Calvin Harris_ Dua Lipa (mp3cut.net).mp3 */ = {isa = PBXFileReference; lastKnownFileType = audio.mp3; path = "One Kiss - Calvin Harris_ Dua Lipa (mp3cut.net).mp3"; sourceTree = "<group>"; };
		6BC2D9CE2984FE440053C425 /* ASPopUpViewController.swift */ = {isa = PBXFileReference; lastKnownFileType = sourcecode.swift; path = ASPopUpViewController.swift; sourceTree = "<group>"; };
		6BC70926298C1DF200C8A653 /* ControlButtonsAction.swift */ = {isa = PBXFileReference; lastKnownFileType = sourcecode.swift; path = ControlButtonsAction.swift; sourceTree = "<group>"; };
		7720B44E80204C4AAC9F55D6 /* Pods-MusicPlayer.debug.xcconfig */ = {isa = PBXFileReference; includeInIndex = 1; lastKnownFileType = text.xcconfig; name = "Pods-MusicPlayer.debug.xcconfig"; path = "Target Support Files/Pods-MusicPlayer/Pods-MusicPlayer.debug.xcconfig"; sourceTree = "<group>"; };
/* End PBXFileReference section */

/* Begin PBXFrameworksBuildPhase section */
		6B6F56202961EB74002B1038 /* Frameworks */ = {
			isa = PBXFrameworksBuildPhase;
			buildActionMask = 2147483647;
			files = (
				282336F58447528829DEB4CE /* Pods_MusicPlayer.framework in Frameworks */,
			);
			runOnlyForDeploymentPostprocessing = 0;
		};
/* End PBXFrameworksBuildPhase section */

/* Begin PBXGroup section */
		5DE9A57EF8C06BA8F157EDAD /* Pods */ = {
			isa = PBXGroup;
			children = (
				7720B44E80204C4AAC9F55D6 /* Pods-MusicPlayer.debug.xcconfig */,
				5FD2B05497844085813E256A /* Pods-MusicPlayer.release.xcconfig */,
			);
			path = Pods;
			sourceTree = "<group>";
		};
		6B45427C2976F13E005184E8 /* custom */ = {
			isa = PBXGroup;
			children = (
				6B45427A2976EEAE005184E8 /* CustomPlayerView.swift */,
				6B45427F29770ABF005184E8 /* SongInfoStackView.swift */,
				6B45428129770FC2005184E8 /* ControlButtonsView.swift */,
				6BA2E380298ABA9900CEC1DF /* CustomMainPlayerView.swift */,
			);
			path = custom;
			sourceTree = "<group>";
		};
		6B545DE229632F7900F57D82 /* model */ = {
			isa = PBXGroup;
			children = (
				6B7C5BCD2974710100A803FA /* Song.swift */,
			);
			path = model;
			sourceTree = "<group>";
		};
		6B545DE329632F8600F57D82 /* view */ = {
			isa = PBXGroup;
			children = (
				6BC2D9CD2984FDFF0053C425 /* popup */,
				6B45427C2976F13E005184E8 /* custom */,
				6B6F562A2961EB74002B1038 /* ViewController.swift */,
				6B6F562C2961EB74002B1038 /* Main.storyboard */,
				6B545DE82963326F00F57D82 /* mainplayer */,
				6B545DE729632FC700F57D82 /* artist */,
				6B545DE629632FBF00F57D82 /* album */,
				6B545DE529632FB000F57D82 /* allsong */,
			);
			path = view;
			sourceTree = "<group>";
		};
		6B545DE529632FB000F57D82 /* allsong */ = {
			isa = PBXGroup;
			children = (
				6B545DED296339A200F57D82 /* AllSongsViewController.swift */,
				6B545DEF29633B9900F57D82 /* SongCellItem.swift */,
				6B545DF029633B9900F57D82 /* SongCellItem.xib */,
				6B7C5BCB29746E6D00A803FA /* AllSongViewModel.swift */,
			);
			path = allsong;
			sourceTree = "<group>";
		};
		6B545DE629632FBF00F57D82 /* album */ = {
			isa = PBXGroup;
			children = (
				6B545DEB2963399100F57D82 /* PlaylistViewController.swift */,
			);
			path = album;
			sourceTree = "<group>";
		};
		6B545DE729632FC700F57D82 /* artist */ = {
			isa = PBXGroup;
			children = (
				6B545DE92963397A00F57D82 /* ArtistViewController.swift */,
			);
			path = artist;
			sourceTree = "<group>";
		};
		6B545DE82963326F00F57D82 /* mainplayer */ = {
			isa = PBXGroup;
			children = (
				6BA6A39A2988207800DA5364 /* MainPlayerViewController.swift */,
			);
			path = mainplayer;
			sourceTree = "<group>";
		};
		6B545DF3296342A900F57D82 /* delegates */ = {
			isa = PBXGroup;
			children = (
				6B545DF4296342C200F57D82 /* AllSongCellDelegate.swift */,
			);
			path = delegates;
			sourceTree = "<group>";
		};
		6B545DF629634B9D00F57D82 /* extension */ = {
			isa = PBXGroup;
			children = (
				6B545DF729634BB300F57D82 /* UIApplicationExtension.swift */,
				6B4542782976DECE005184E8 /* SwinjectStoryboard+Extension.swift */,
			);
			path = extension;
			sourceTree = "<group>";
		};
		6B6F561A2961EB74002B1038 = {
			isa = PBXGroup;
			children = (
				6B6F56252961EB74002B1038 /* MusicPlayer */,
				6B6F56242961EB74002B1038 /* Products */,
				5DE9A57EF8C06BA8F157EDAD /* Pods */,
				E6E0CD55334B95FC04237DE1 /* Frameworks */,
			);
			sourceTree = "<group>";
		};
		6B6F56242961EB74002B1038 /* Products */ = {
			isa = PBXGroup;
			children = (
				6B6F56232961EB74002B1038 /* MusicPlayer.app */,
			);
			name = Products;
			sourceTree = "<group>";
		};
		6B6F56252961EB74002B1038 /* MusicPlayer */ = {
			isa = PBXGroup;
			children = (
				6BAE525E297953F2002A7578 /* utils */,
				6B9A3489297860360083ABC0 /* service */,
				6B545DF629634B9D00F57D82 /* extension */,
				6BC257E5298CA6FA00D4DFDD /* One Kiss - Calvin Harris_ Dua Lipa (mp3cut.net).mp3 */,
				6B545DF3296342A900F57D82 /* delegates */,
				6B545DE329632F8600F57D82 /* view */,
				6B545DE229632F7900F57D82 /* model */,
				6B6F56262961EB74002B1038 /* AppDelegate.swift */,
				6B6F56282961EB74002B1038 /* SceneDelegate.swift */,
				6B6F562F2961EB75002B1038 /* Assets.xcassets */,
				6B6F56312961EB75002B1038 /* LaunchScreen.storyboard */,
				6B6F56342961EB75002B1038 /* Info.plist */,
			);
			path = MusicPlayer;
			sourceTree = "<group>";
		};
		6B9A3489297860360083ABC0 /* service */ = {
			isa = PBXGroup;
			children = (
				6B9A348729785A620083ABC0 /* MediaPlayerService.swift */,
			);
			path = service;
			sourceTree = "<group>";
		};
		6BAE525E297953F2002A7578 /* utils */ = {
			isa = PBXGroup;
			children = (
				6B45427D2976F168005184E8 /* ViewFactory.swift */,
				6BAE525F297953FF002A7578 /* Constants.swift */,
				6BAE526129795546002A7578 /* SongReuseableCellUtil.swift */,
				6B8EEA0D297D1D26001D20A9 /* ViewUtils.swift */,
				6BC70926298C1DF200C8A653 /* ControlButtonsAction.swift */,
			);
			path = utils;
			sourceTree = "<group>";
		};
		6BC2D9CD2984FDFF0053C425 /* popup */ = {
			isa = PBXGroup;
			children = (
				6BC2D9CE2984FE440053C425 /* ASPopUpViewController.swift */,
			);
			path = popup;
			sourceTree = "<group>";
		};
		E6E0CD55334B95FC04237DE1 /* Frameworks */ = {
			isa = PBXGroup;
			children = (
				6BA2E382298AD25300CEC1DF /* FLEX.framework */,
				4FED1B3DE0B06B9BA375D720 /* Pods_MusicPlayer.framework */,
			);
			name = Frameworks;
			sourceTree = "<group>";
		};
/* End PBXGroup section */

/* Begin PBXNativeTarget section */
		6B6F56222961EB74002B1038 /* MusicPlayer */ = {
			isa = PBXNativeTarget;
			buildConfigurationList = 6B6F56372961EB75002B1038 /* Build configuration list for PBXNativeTarget "MusicPlayer" */;
			buildPhases = (
				16FEC8AF5DFD8891F7E8CB6A /* [CP] Check Pods Manifest.lock */,
				6B6F561F2961EB74002B1038 /* Sources */,
				6B6F56202961EB74002B1038 /* Frameworks */,
				6B6F56212961EB74002B1038 /* Resources */,
				98DDE4C52F4D56256B9054EF /* [CP] Embed Pods Frameworks */,
			);
			buildRules = (
			);
			dependencies = (
			);
			name = MusicPlayer;
			productName = MusicPlayer;
			productReference = 6B6F56232961EB74002B1038 /* MusicPlayer.app */;
			productType = "com.apple.product-type.application";
		};
/* End PBXNativeTarget section */

/* Begin PBXProject section */
		6B6F561B2961EB74002B1038 /* Project object */ = {
			isa = PBXProject;
			attributes = {
				BuildIndependentTargetsInParallel = 1;
				LastSwiftUpdateCheck = 1340;
				LastUpgradeCheck = 1340;
				TargetAttributes = {
					6B6F56222961EB74002B1038 = {
						CreatedOnToolsVersion = 13.4.1;
					};
				};
			};
			buildConfigurationList = 6B6F561E2961EB74002B1038 /* Build configuration list for PBXProject "MusicPlayer" */;
			compatibilityVersion = "Xcode 13.0";
			developmentRegion = en;
			hasScannedForEncodings = 0;
			knownRegions = (
				en,
				Base,
			);
			mainGroup = 6B6F561A2961EB74002B1038;
			productRefGroup = 6B6F56242961EB74002B1038 /* Products */;
			projectDirPath = "";
			projectRoot = "";
			targets = (
				6B6F56222961EB74002B1038 /* MusicPlayer */,
			);
		};
/* End PBXProject section */

/* Begin PBXResourcesBuildPhase section */
		6B6F56212961EB74002B1038 /* Resources */ = {
			isa = PBXResourcesBuildPhase;
			buildActionMask = 2147483647;
			files = (
				6BC257E6298CA6FA00D4DFDD /* One Kiss - Calvin Harris_ Dua Lipa (mp3cut.net).mp3 in Resources */,
				6B6F56332961EB75002B1038 /* LaunchScreen.storyboard in Resources */,
				6B6F56302961EB75002B1038 /* Assets.xcassets in Resources */,
				6B6F562E2961EB74002B1038 /* Main.storyboard in Resources */,
				6B545DF229633B9900F57D82 /* SongCellItem.xib in Resources */,
			);
			runOnlyForDeploymentPostprocessing = 0;
		};
/* End PBXResourcesBuildPhase section */

/* Begin PBXShellScriptBuildPhase section */
		16FEC8AF5DFD8891F7E8CB6A /* [CP] Check Pods Manifest.lock */ = {
			isa = PBXShellScriptBuildPhase;
			buildActionMask = 2147483647;
			files = (
			);
			inputFileListPaths = (
			);
			inputPaths = (
				"${PODS_PODFILE_DIR_PATH}/Podfile.lock",
				"${PODS_ROOT}/Manifest.lock",
			);
			name = "[CP] Check Pods Manifest.lock";
			outputFileListPaths = (
			);
			outputPaths = (
				"$(DERIVED_FILE_DIR)/Pods-MusicPlayer-checkManifestLockResult.txt",
			);
			runOnlyForDeploymentPostprocessing = 0;
			shellPath = /bin/sh;
			shellScript = "diff \"${PODS_PODFILE_DIR_PATH}/Podfile.lock\" \"${PODS_ROOT}/Manifest.lock\" > /dev/null\nif [ $? != 0 ] ; then\n    # print error to STDERR\n    echo \"error: The sandbox is not in sync with the Podfile.lock. Run 'pod install' or update your CocoaPods installation.\" >&2\n    exit 1\nfi\n# This output is used by Xcode 'outputs' to avoid re-running this script phase.\necho \"SUCCESS\" > \"${SCRIPT_OUTPUT_FILE_0}\"\n";
			showEnvVarsInLog = 0;
		};
		98DDE4C52F4D56256B9054EF /* [CP] Embed Pods Frameworks */ = {
			isa = PBXShellScriptBuildPhase;
			buildActionMask = 2147483647;
			files = (
			);
			inputFileListPaths = (
				"${PODS_ROOT}/Target Support Files/Pods-MusicPlayer/Pods-MusicPlayer-frameworks-${CONFIGURATION}-input-files.xcfilelist",
			);
			name = "[CP] Embed Pods Frameworks";
			outputFileListPaths = (
				"${PODS_ROOT}/Target Support Files/Pods-MusicPlayer/Pods-MusicPlayer-frameworks-${CONFIGURATION}-output-files.xcfilelist",
			);
			runOnlyForDeploymentPostprocessing = 0;
			shellPath = /bin/sh;
			shellScript = "\"${PODS_ROOT}/Target Support Files/Pods-MusicPlayer/Pods-MusicPlayer-frameworks.sh\"\n";
			showEnvVarsInLog = 0;
		};
/* End PBXShellScriptBuildPhase section */

/* Begin PBXSourcesBuildPhase section */
		6B6F561F2961EB74002B1038 /* Sources */ = {
			isa = PBXSourcesBuildPhase;
			buildActionMask = 2147483647;
			files = (
				6B45427B2976EEAE005184E8 /* CustomPlayerView.swift in Sources */,
				6BAE5260297953FF002A7578 /* Constants.swift in Sources */,
				6BA6A39B2988207800DA5364 /* MainPlayerViewController.swift in Sources */,
				6B45428029770ABF005184E8 /* SongInfoStackView.swift in Sources */,
				6B6F562B2961EB74002B1038 /* ViewController.swift in Sources */,
				6B7C5BCC29746E6D00A803FA /* AllSongViewModel.swift in Sources */,
				6B545DF129633B9900F57D82 /* SongCellItem.swift in Sources */,
				6B545DEC2963399100F57D82 /* PlaylistViewController.swift in Sources */,
				6B45427E2976F168005184E8 /* ViewFactory.swift in Sources */,
				6B6F56272961EB74002B1038 /* AppDelegate.swift in Sources */,
				6B7C5BCE2974710100A803FA /* Song.swift in Sources */,
				6BC70927298C1DF200C8A653 /* ControlButtonsAction.swift in Sources */,
				6BAE526229795546002A7578 /* SongReuseableCellUtil.swift in Sources */,
				6BA2E381298ABA9900CEC1DF /* CustomMainPlayerView.swift in Sources */,
				6B545DEE296339A200F57D82 /* AllSongsViewController.swift in Sources */,
				6B6F56292961EB74002B1038 /* SceneDelegate.swift in Sources */,
				6B9A348829785A620083ABC0 /* MediaPlayerService.swift in Sources */,
				6BC2D9CF2984FE440053C425 /* ASPopUpViewController.swift in Sources */,
				6B8EEA0E297D1D26001D20A9 /* ViewUtils.swift in Sources */,
				6B545DF829634BB300F57D82 /* UIApplicationExtension.swift in Sources */,
				6B4542792976DECE005184E8 /* SwinjectStoryboard+Extension.swift in Sources */,
				6B545DEA2963397A00F57D82 /* ArtistViewController.swift in Sources */,
				6B45428229770FC2005184E8 /* ControlButtonsView.swift in Sources */,
				6B545DF5296342C200F57D82 /* AllSongCellDelegate.swift in Sources */,
			);
			runOnlyForDeploymentPostprocessing = 0;
		};
/* End PBXSourcesBuildPhase section */

/* Begin PBXVariantGroup section */
		6B6F562C2961EB74002B1038 /* Main.storyboard */ = {
			isa = PBXVariantGroup;
			children = (
				6B6F562D2961EB74002B1038 /* Base */,
			);
			name = Main.storyboard;
			sourceTree = "<group>";
		};
		6B6F56312961EB75002B1038 /* LaunchScreen.storyboard */ = {
			isa = PBXVariantGroup;
			children = (
				6B6F56322961EB75002B1038 /* Base */,
			);
			name = LaunchScreen.storyboard;
			sourceTree = "<group>";
		};
/* End PBXVariantGroup section */

/* Begin XCBuildConfiguration section */
		6B6F56352961EB75002B1038 /* Debug */ = {
			isa = XCBuildConfiguration;
			buildSettings = {
				ALWAYS_SEARCH_USER_PATHS = NO;
				CLANG_ANALYZER_NONNULL = YES;
				CLANG_ANALYZER_NUMBER_OBJECT_CONVERSION = YES_AGGRESSIVE;
				CLANG_CXX_LANGUAGE_STANDARD = "gnu++17";
				CLANG_ENABLE_MODULES = YES;
				CLANG_ENABLE_OBJC_ARC = YES;
				CLANG_ENABLE_OBJC_WEAK = YES;
				CLANG_WARN_BLOCK_CAPTURE_AUTORELEASING = YES;
				CLANG_WARN_BOOL_CONVERSION = YES;
				CLANG_WARN_COMMA = YES;
				CLANG_WARN_CONSTANT_CONVERSION = YES;
				CLANG_WARN_DEPRECATED_OBJC_IMPLEMENTATIONS = YES;
				CLANG_WARN_DIRECT_OBJC_ISA_USAGE = YES_ERROR;
				CLANG_WARN_DOCUMENTATION_COMMENTS = YES;
				CLANG_WARN_EMPTY_BODY = YES;
				CLANG_WARN_ENUM_CONVERSION = YES;
				CLANG_WARN_INFINITE_RECURSION = YES;
				CLANG_WARN_INT_CONVERSION = YES;
				CLANG_WARN_NON_LITERAL_NULL_CONVERSION = YES;
				CLANG_WARN_OBJC_IMPLICIT_RETAIN_SELF = YES;
				CLANG_WARN_OBJC_LITERAL_CONVERSION = YES;
				CLANG_WARN_OBJC_ROOT_CLASS = YES_ERROR;
				CLANG_WARN_QUOTED_INCLUDE_IN_FRAMEWORK_HEADER = YES;
				CLANG_WARN_RANGE_LOOP_ANALYSIS = YES;
				CLANG_WARN_STRICT_PROTOTYPES = YES;
				CLANG_WARN_SUSPICIOUS_MOVE = YES;
				CLANG_WARN_UNGUARDED_AVAILABILITY = YES_AGGRESSIVE;
				CLANG_WARN_UNREACHABLE_CODE = YES;
				CLANG_WARN__DUPLICATE_METHOD_MATCH = YES;
				COPY_PHASE_STRIP = NO;
				DEBUG_INFORMATION_FORMAT = dwarf;
				ENABLE_STRICT_OBJC_MSGSEND = YES;
				ENABLE_TESTABILITY = YES;
				GCC_C_LANGUAGE_STANDARD = gnu11;
				GCC_DYNAMIC_NO_PIC = NO;
				GCC_NO_COMMON_BLOCKS = YES;
				GCC_OPTIMIZATION_LEVEL = 0;
				GCC_PREPROCESSOR_DEFINITIONS = (
					"DEBUG=1",
					"$(inherited)",
				);
				GCC_WARN_64_TO_32_BIT_CONVERSION = YES;
				GCC_WARN_ABOUT_RETURN_TYPE = YES_ERROR;
				GCC_WARN_UNDECLARED_SELECTOR = YES;
				GCC_WARN_UNINITIALIZED_AUTOS = YES_AGGRESSIVE;
				GCC_WARN_UNUSED_FUNCTION = YES;
				GCC_WARN_UNUSED_VARIABLE = YES;
				IPHONEOS_DEPLOYMENT_TARGET = 14.3;
				MTL_ENABLE_DEBUG_INFO = INCLUDE_SOURCE;
				MTL_FAST_MATH = YES;
				ONLY_ACTIVE_ARCH = YES;
				SDKROOT = iphoneos;
				SWIFT_ACTIVE_COMPILATION_CONDITIONS = DEBUG;
				SWIFT_OPTIMIZATION_LEVEL = "-Onone";
			};
			name = Debug;
		};
		6B6F56362961EB75002B1038 /* Release */ = {
			isa = XCBuildConfiguration;
			buildSettings = {
				ALWAYS_SEARCH_USER_PATHS = NO;
				CLANG_ANALYZER_NONNULL = YES;
				CLANG_ANALYZER_NUMBER_OBJECT_CONVERSION = YES_AGGRESSIVE;
				CLANG_CXX_LANGUAGE_STANDARD = "gnu++17";
				CLANG_ENABLE_MODULES = YES;
				CLANG_ENABLE_OBJC_ARC = YES;
				CLANG_ENABLE_OBJC_WEAK = YES;
				CLANG_WARN_BLOCK_CAPTURE_AUTORELEASING = YES;
				CLANG_WARN_BOOL_CONVERSION = YES;
				CLANG_WARN_COMMA = YES;
				CLANG_WARN_CONSTANT_CONVERSION = YES;
				CLANG_WARN_DEPRECATED_OBJC_IMPLEMENTATIONS = YES;
				CLANG_WARN_DIRECT_OBJC_ISA_USAGE = YES_ERROR;
				CLANG_WARN_DOCUMENTATION_COMMENTS = YES;
				CLANG_WARN_EMPTY_BODY = YES;
				CLANG_WARN_ENUM_CONVERSION = YES;
				CLANG_WARN_INFINITE_RECURSION = YES;
				CLANG_WARN_INT_CONVERSION = YES;
				CLANG_WARN_NON_LITERAL_NULL_CONVERSION = YES;
				CLANG_WARN_OBJC_IMPLICIT_RETAIN_SELF = YES;
				CLANG_WARN_OBJC_LITERAL_CONVERSION = YES;
				CLANG_WARN_OBJC_ROOT_CLASS = YES_ERROR;
				CLANG_WARN_QUOTED_INCLUDE_IN_FRAMEWORK_HEADER = YES;
				CLANG_WARN_RANGE_LOOP_ANALYSIS = YES;
				CLANG_WARN_STRICT_PROTOTYPES = YES;
				CLANG_WARN_SUSPICIOUS_MOVE = YES;
				CLANG_WARN_UNGUARDED_AVAILABILITY = YES_AGGRESSIVE;
				CLANG_WARN_UNREACHABLE_CODE = YES;
				CLANG_WARN__DUPLICATE_METHOD_MATCH = YES;
				COPY_PHASE_STRIP = NO;
				DEBUG_INFORMATION_FORMAT = "dwarf-with-dsym";
				ENABLE_NS_ASSERTIONS = NO;
				ENABLE_STRICT_OBJC_MSGSEND = YES;
				GCC_C_LANGUAGE_STANDARD = gnu11;
				GCC_NO_COMMON_BLOCKS = YES;
				GCC_WARN_64_TO_32_BIT_CONVERSION = YES;
				GCC_WARN_ABOUT_RETURN_TYPE = YES_ERROR;
				GCC_WARN_UNDECLARED_SELECTOR = YES;
				GCC_WARN_UNINITIALIZED_AUTOS = YES_AGGRESSIVE;
				GCC_WARN_UNUSED_FUNCTION = YES;
				GCC_WARN_UNUSED_VARIABLE = YES;
				IPHONEOS_DEPLOYMENT_TARGET = 14.3;
				MTL_ENABLE_DEBUG_INFO = NO;
				MTL_FAST_MATH = YES;
				SDKROOT = iphoneos;
				SWIFT_COMPILATION_MODE = wholemodule;
				SWIFT_OPTIMIZATION_LEVEL = "-O";
				VALIDATE_PRODUCT = YES;
			};
			name = Release;
		};
		6B6F56382961EB75002B1038 /* Debug */ = {
			isa = XCBuildConfiguration;
			baseConfigurationReference = 7720B44E80204C4AAC9F55D6 /* Pods-MusicPlayer.debug.xcconfig */;
			buildSettings = {
				ASSETCATALOG_COMPILER_APPICON_NAME = AppIcon;
				ASSETCATALOG_COMPILER_GLOBAL_ACCENT_COLOR_NAME = AccentColor;
				CODE_SIGN_STYLE = Automatic;
				CURRENT_PROJECT_VERSION = 1;
				DEVELOPMENT_TEAM = 25H8B879XX;
				GENERATE_INFOPLIST_FILE = YES;
				INFOPLIST_FILE = MusicPlayer/Info.plist;
				INFOPLIST_KEY_NSAppleMusicUsageDescription = "App needs to find songs on your device.";
				INFOPLIST_KEY_UIApplicationSupportsIndirectInputEvents = YES;
				INFOPLIST_KEY_UILaunchStoryboardName = LaunchScreen;
				INFOPLIST_KEY_UIMainStoryboardFile = Main;
				INFOPLIST_KEY_UISupportedInterfaceOrientations_iPad = "UIInterfaceOrientationPortrait UIInterfaceOrientationPortraitUpsideDown UIInterfaceOrientationLandscapeLeft UIInterfaceOrientationLandscapeRight";
				INFOPLIST_KEY_UISupportedInterfaceOrientations_iPhone = "UIInterfaceOrientationPortrait UIInterfaceOrientationLandscapeLeft UIInterfaceOrientationLandscapeRight";
				IPHONEOS_DEPLOYMENT_TARGET = 14.3;
				LD_RUNPATH_SEARCH_PATHS = (
					"$(inherited)",
					"@executable_path/Frameworks",
				);
				MARKETING_VERSION = 1.0;
				PRODUCT_BUNDLE_IDENTIFIER = kl.everly.MusicPlayer;
				PRODUCT_NAME = "$(TARGET_NAME)";
				SWIFT_EMIT_LOC_STRINGS = YES;
				SWIFT_VERSION = 5.0;
				TARGETED_DEVICE_FAMILY = "1,2";
			};
			name = Debug;
		};
		6B6F56392961EB75002B1038 /* Release */ = {
			isa = XCBuildConfiguration;
			baseConfigurationReference = 5FD2B05497844085813E256A /* Pods-MusicPlayer.release.xcconfig */;
			buildSettings = {
				ASSETCATALOG_COMPILER_APPICON_NAME = AppIcon;
				ASSETCATALOG_COMPILER_GLOBAL_ACCENT_COLOR_NAME = AccentColor;
				CODE_SIGN_STYLE = Automatic;
				CURRENT_PROJECT_VERSION = 1;
				DEVELOPMENT_TEAM = 25H8B879XX;
				GENERATE_INFOPLIST_FILE = YES;
				INFOPLIST_FILE = MusicPlayer/Info.plist;
				INFOPLIST_KEY_NSAppleMusicUsageDescription = "App needs to find songs on your device.";
				INFOPLIST_KEY_UIApplicationSupportsIndirectInputEvents = YES;
				INFOPLIST_KEY_UILaunchStoryboardName = LaunchScreen;
				INFOPLIST_KEY_UIMainStoryboardFile = Main;
				INFOPLIST_KEY_UISupportedInterfaceOrientations_iPad = "UIInterfaceOrientationPortrait UIInterfaceOrientationPortraitUpsideDown UIInterfaceOrientationLandscapeLeft UIInterfaceOrientationLandscapeRight";
				INFOPLIST_KEY_UISupportedInterfaceOrientations_iPhone = "UIInterfaceOrientationPortrait UIInterfaceOrientationLandscapeLeft UIInterfaceOrientationLandscapeRight";
				IPHONEOS_DEPLOYMENT_TARGET = 14.3;
				LD_RUNPATH_SEARCH_PATHS = (
					"$(inherited)",
					"@executable_path/Frameworks",
				);
				MARKETING_VERSION = 1.0;
				PRODUCT_BUNDLE_IDENTIFIER = kl.everly.MusicPlayer;
				PRODUCT_NAME = "$(TARGET_NAME)";
				SWIFT_EMIT_LOC_STRINGS = YES;
				SWIFT_VERSION = 5.0;
				TARGETED_DEVICE_FAMILY = "1,2";
			};
			name = Release;
		};
/* End XCBuildConfiguration section */

/* Begin XCConfigurationList section */
		6B6F561E2961EB74002B1038 /* Build configuration list for PBXProject "MusicPlayer" */ = {
			isa = XCConfigurationList;
			buildConfigurations = (
				6B6F56352961EB75002B1038 /* Debug */,
				6B6F56362961EB75002B1038 /* Release */,
			);
			defaultConfigurationIsVisible = 0;
			defaultConfigurationName = Release;
		};
		6B6F56372961EB75002B1038 /* Build configuration list for PBXNativeTarget "MusicPlayer" */ = {
			isa = XCConfigurationList;
			buildConfigurations = (
				6B6F56382961EB75002B1038 /* Debug */,
				6B6F56392961EB75002B1038 /* Release */,
			);
			defaultConfigurationIsVisible = 0;
			defaultConfigurationName = Release;
		};
/* End XCConfigurationList section */
	};
	rootObject = 6B6F561B2961EB74002B1038 /* Project object */;
}
